// !$*UTF8*$!
{
	archiveVersion = 1;
	classes = {
	};
	objectVersion = 56;
	objects = {

/* Begin PBXBuildFile section */
		2B7F56502B0C9B5F00DB8D85 /* Cocoa.framework in Frameworks */ = {isa = PBXBuildFile; fileRef = 2BF79D772A29EA81006209C8 /* Cocoa.framework */; };
		2B7F56542B0CA1DF00DB8D85 /* SwiftFormat in Frameworks */ = {isa = PBXBuildFile; productRef = 2B7F56532B0CA1DF00DB8D85 /* SwiftFormat */; };
		2BAE5F702B148B2E009E7068 /* ConstValue.swift in Sources */ = {isa = PBXBuildFile; fileRef = 2BAE5F6F2B148B2E009E7068 /* ConstValue.swift */; };
		2BAE5F712B148B2E009E7068 /* ConstValue.swift in Sources */ = {isa = PBXBuildFile; fileRef = 2BAE5F6F2B148B2E009E7068 /* ConstValue.swift */; };
		2BAE639C2B14946A009E7068 /* PluginSidebarViewController.swift in Sources */ = {isa = PBXBuildFile; fileRef = 2BAE639B2B14946A009E7068 /* PluginSidebarViewController.swift */; };
		2BAE639E2B14948F009E7068 /* PluginConfigViewController.swift in Sources */ = {isa = PBXBuildFile; fileRef = 2BAE639D2B14948F009E7068 /* PluginConfigViewController.swift */; };
		2BAE63A12B14B4D3009E7068 /* Toast.swift in Sources */ = {isa = PBXBuildFile; fileRef = 2BAE63A02B14B4D3009E7068 /* Toast.swift */; };
		2BB598D12B0CD60A006BD157 /* PrettyFunc.swift in Sources */ = {isa = PBXBuildFile; fileRef = 2BB598D02B0CD60A006BD157 /* PrettyFunc.swift */; };
		2BB598D32B0CD633006BD157 /* NewLine.swift in Sources */ = {isa = PBXBuildFile; fileRef = 2BB598D22B0CD633006BD157 /* NewLine.swift */; };
		2BD125F72B0F754800E38870 /* MainApp.swift in Sources */ = {isa = PBXBuildFile; fileRef = 2BD125F62B0F754800E38870 /* MainApp.swift */; };
		2BF79D632A29EA0C006209C8 /* AppDelegate.swift in Sources */ = {isa = PBXBuildFile; fileRef = 2BF79D622A29EA0C006209C8 /* AppDelegate.swift */; };
		2BF79D672A29EA0D006209C8 /* Assets.xcassets in Resources */ = {isa = PBXBuildFile; fileRef = 2BF79D662A29EA0D006209C8 /* Assets.xcassets */; };
		2BF79D6A2A29EA0D006209C8 /* Main.storyboard in Resources */ = {isa = PBXBuildFile; fileRef = 2BF79D682A29EA0D006209C8 /* Main.storyboard */; };
		2BF79D7D2A29EA81006209C8 /* SourceEditorExtension.swift in Sources */ = {isa = PBXBuildFile; fileRef = 2BF79D7C2A29EA81006209C8 /* SourceEditorExtension.swift */; };
		2BF79D7F2A29EA81006209C8 /* SourceEditorCommand.swift in Sources */ = {isa = PBXBuildFile; fileRef = 2BF79D7E2A29EA81006209C8 /* SourceEditorCommand.swift */; };
		2BF79D842A29EA81006209C8 /* MyXCodeExt.appex in Embed Foundation Extensions */ = {isa = PBXBuildFile; fileRef = 2BF79D752A29EA81006209C8 /* MyXCodeExt.appex */; settings = {ATTRIBUTES = (RemoveHeadersOnCopy, ); }; };
		2BF79D892A29EB17006209C8 /* XcodeKit.framework in Frameworks */ = {isa = PBXBuildFile; fileRef = 2BF79D792A29EA81006209C8 /* XcodeKit.framework */; };
		2BF79D8A2A29EB17006209C8 /* XcodeKit.framework in Embed Frameworks */ = {isa = PBXBuildFile; fileRef = 2BF79D792A29EA81006209C8 /* XcodeKit.framework */; settings = {ATTRIBUTES = (CodeSignOnCopy, RemoveHeadersOnCopy, ); }; };
/* End PBXBuildFile section */

/* Begin PBXContainerItemProxy section */
		2BF79D822A29EA81006209C8 /* PBXContainerItemProxy */ = {
			isa = PBXContainerItemProxy;
			containerPortal = 2BF79D572A29EA0C006209C8 /* Project object */;
			proxyType = 1;
			remoteGlobalIDString = 2BF79D742A29EA81006209C8;
			remoteInfo = MyXCodeExt;
		};
/* End PBXContainerItemProxy section */

/* Begin PBXCopyFilesBuildPhase section */
		2BF79D882A29EA81006209C8 /* Embed Foundation Extensions */ = {
			isa = PBXCopyFilesBuildPhase;
			buildActionMask = 2147483647;
			dstPath = "";
			dstSubfolderSpec = 13;
			files = (
				2BF79D842A29EA81006209C8 /* MyXCodeExt.appex in Embed Foundation Extensions */,
			);
			name = "Embed Foundation Extensions";
			runOnlyForDeploymentPostprocessing = 0;
		};
		2BF79D8B2A29EB17006209C8 /* Embed Frameworks */ = {
			isa = PBXCopyFilesBuildPhase;
			buildActionMask = 2147483647;
			dstPath = "";
			dstSubfolderSpec = 10;
			files = (
				2BF79D8A2A29EB17006209C8 /* XcodeKit.framework in Embed Frameworks */,
			);
			name = "Embed Frameworks";
			runOnlyForDeploymentPostprocessing = 0;
		};
/* End PBXCopyFilesBuildPhase section */

/* Begin PBXFileReference section */
		2BAE5F6F2B148B2E009E7068 /* ConstValue.swift */ = {isa = PBXFileReference; lastKnownFileType = sourcecode.swift; path = ConstValue.swift; sourceTree = "<group>"; };
		2BAE639B2B14946A009E7068 /* PluginSidebarViewController.swift */ = {isa = PBXFileReference; lastKnownFileType = sourcecode.swift; path = PluginSidebarViewController.swift; sourceTree = "<group>"; };
		2BAE639D2B14948F009E7068 /* PluginConfigViewController.swift */ = {isa = PBXFileReference; lastKnownFileType = sourcecode.swift; path = PluginConfigViewController.swift; sourceTree = "<group>"; };
		2BAE63A02B14B4D3009E7068 /* Toast.swift */ = {isa = PBXFileReference; lastKnownFileType = sourcecode.swift; path = Toast.swift; sourceTree = "<group>"; };
		2BB598D02B0CD60A006BD157 /* PrettyFunc.swift */ = {isa = PBXFileReference; lastKnownFileType = sourcecode.swift; path = PrettyFunc.swift; sourceTree = "<group>"; };
		2BB598D22B0CD633006BD157 /* NewLine.swift */ = {isa = PBXFileReference; lastKnownFileType = sourcecode.swift; path = NewLine.swift; sourceTree = "<group>"; };
		2BD125F62B0F754800E38870 /* MainApp.swift */ = {isa = PBXFileReference; lastKnownFileType = sourcecode.swift; path = MainApp.swift; sourceTree = "<group>"; };
		2BF79D5F2A29EA0C006209C8 /* MyXCode.app */ = {isa = PBXFileReference; explicitFileType = wrapper.application; includeInIndex = 0; path = MyXCode.app; sourceTree = BUILT_PRODUCTS_DIR; };
		2BF79D622A29EA0C006209C8 /* AppDelegate.swift */ = {isa = PBXFileReference; lastKnownFileType = sourcecode.swift; path = AppDelegate.swift; sourceTree = "<group>"; };
		2BF79D662A29EA0D006209C8 /* Assets.xcassets */ = {isa = PBXFileReference; lastKnownFileType = folder.assetcatalog; path = Assets.xcassets; sourceTree = "<group>"; };
		2BF79D692A29EA0D006209C8 /* Base */ = {isa = PBXFileReference; lastKnownFileType = file.storyboard; name = Base; path = Base.lproj/Main.storyboard; sourceTree = "<group>"; };
		2BF79D6B2A29EA0D006209C8 /* MyXCode.entitlements */ = {isa = PBXFileReference; lastKnownFileType = text.plist.entitlements; path = MyXCode.entitlements; sourceTree = "<group>"; };
		2BF79D752A29EA81006209C8 /* MyXCodeExt.appex */ = {isa = PBXFileReference; explicitFileType = "wrapper.app-extension"; includeInIndex = 0; path = MyXCodeExt.appex; sourceTree = BUILT_PRODUCTS_DIR; };
		2BF79D772A29EA81006209C8 /* Cocoa.framework */ = {isa = PBXFileReference; lastKnownFileType = wrapper.framework; name = Cocoa.framework; path = System/Library/Frameworks/Cocoa.framework; sourceTree = SDKROOT; };
		2BF79D792A29EA81006209C8 /* XcodeKit.framework */ = {isa = PBXFileReference; lastKnownFileType = wrapper.framework; name = XcodeKit.framework; path = Library/Frameworks/XcodeKit.framework; sourceTree = DEVELOPER_DIR; };
		2BF79D7C2A29EA81006209C8 /* SourceEditorExtension.swift */ = {isa = PBXFileReference; lastKnownFileType = sourcecode.swift; path = SourceEditorExtension.swift; sourceTree = "<group>"; };
		2BF79D7E2A29EA81006209C8 /* SourceEditorCommand.swift */ = {isa = PBXFileReference; lastKnownFileType = sourcecode.swift; path = SourceEditorCommand.swift; sourceTree = "<group>"; };
		2BF79D802A29EA81006209C8 /* Info.plist */ = {isa = PBXFileReference; lastKnownFileType = text.plist.xml; path = Info.plist; sourceTree = "<group>"; };
		2BF79D812A29EA81006209C8 /* MyXCodeExt.entitlements */ = {isa = PBXFileReference; lastKnownFileType = text.plist.entitlements; path = MyXCodeExt.entitlements; sourceTree = "<group>"; };
/* End PBXFileReference section */

/* Begin PBXFrameworksBuildPhase section */
		2BF79D5C2A29EA0C006209C8 /* Frameworks */ = {
			isa = PBXFrameworksBuildPhase;
			buildActionMask = 2147483647;
			files = (
			);
			runOnlyForDeploymentPostprocessing = 0;
		};
		2BF79D722A29EA81006209C8 /* Frameworks */ = {
			isa = PBXFrameworksBuildPhase;
			buildActionMask = 2147483647;
			files = (
				2BF79D892A29EB17006209C8 /* XcodeKit.framework in Frameworks */,
				2B7F56542B0CA1DF00DB8D85 /* SwiftFormat in Frameworks */,
				2B7F56502B0C9B5F00DB8D85 /* Cocoa.framework in Frameworks */,
			);
			runOnlyForDeploymentPostprocessing = 0;
		};
/* End PBXFrameworksBuildPhase section */

/* Begin PBXGroup section */
		2BAE639F2B14B4B8009E7068 /* Toast */ = {
			isa = PBXGroup;
			children = (
				2BAE63A02B14B4D3009E7068 /* Toast.swift */,
			);
			path = Toast;
			sourceTree = "<group>";
		};
		2BB598D42B0CD645006BD157 /* Plugins */ = {
			isa = PBXGroup;
			children = (
				2BB598D02B0CD60A006BD157 /* PrettyFunc.swift */,
				2BB598D22B0CD633006BD157 /* NewLine.swift */,
			);
			path = Plugins;
			sourceTree = "<group>";
		};
		2BF79D562A29EA0C006209C8 = {
			isa = PBXGroup;
			children = (
				2BF79D612A29EA0C006209C8 /* MyXCode */,
				2BF79D7B2A29EA81006209C8 /* MyXCodeExt */,
				2BF79D762A29EA81006209C8 /* Frameworks */,
				2BF79D602A29EA0C006209C8 /* Products */,
			);
			sourceTree = "<group>";
		};
		2BF79D602A29EA0C006209C8 /* Products */ = {
			isa = PBXGroup;
			children = (
				2BF79D5F2A29EA0C006209C8 /* MyXCode.app */,
				2BF79D752A29EA81006209C8 /* MyXCodeExt.appex */,
			);
			name = Products;
			sourceTree = "<group>";
		};
		2BF79D612A29EA0C006209C8 /* MyXCode */ = {
			isa = PBXGroup;
			children = (
				2BAE639F2B14B4B8009E7068 /* Toast */,
				2BF79D622A29EA0C006209C8 /* AppDelegate.swift */,
				2BF79D662A29EA0D006209C8 /* Assets.xcassets */,
				2BF79D682A29EA0D006209C8 /* Main.storyboard */,
				2BF79D6B2A29EA0D006209C8 /* MyXCode.entitlements */,
				2BD125F62B0F754800E38870 /* MainApp.swift */,
				2BAE5F6F2B148B2E009E7068 /* ConstValue.swift */,
				2BAE639B2B14946A009E7068 /* PluginSidebarViewController.swift */,
				2BAE639D2B14948F009E7068 /* PluginConfigViewController.swift */,
			);
			path = MyXCode;
			sourceTree = "<group>";
		};
		2BF79D762A29EA81006209C8 /* Frameworks */ = {
			isa = PBXGroup;
			children = (
				2BF79D772A29EA81006209C8 /* Cocoa.framework */,
				2BF79D792A29EA81006209C8 /* XcodeKit.framework */,
			);
			name = Frameworks;
			sourceTree = "<group>";
		};
		2BF79D7B2A29EA81006209C8 /* MyXCodeExt */ = {
			isa = PBXGroup;
			children = (
				2BF79D7C2A29EA81006209C8 /* SourceEditorExtension.swift */,
				2BF79D7E2A29EA81006209C8 /* SourceEditorCommand.swift */,
				2BF79D802A29EA81006209C8 /* Info.plist */,
				2BF79D812A29EA81006209C8 /* MyXCodeExt.entitlements */,
				2BB598D42B0CD645006BD157 /* Plugins */,
			);
			path = MyXCodeExt;
			sourceTree = "<group>";
		};
/* End PBXGroup section */

/* Begin PBXNativeTarget section */
		2BF79D5E2A29EA0C006209C8 /* MyXCode */ = {
			isa = PBXNativeTarget;
			buildConfigurationList = 2BF79D6E2A29EA0D006209C8 /* Build configuration list for PBXNativeTarget "MyXCode" */;
			buildPhases = (
				2BF79D5B2A29EA0C006209C8 /* Sources */,
				2BF79D5C2A29EA0C006209C8 /* Frameworks */,
				2BF79D5D2A29EA0C006209C8 /* Resources */,
				2BF79D882A29EA81006209C8 /* Embed Foundation Extensions */,
			);
			buildRules = (
			);
			dependencies = (
				2BF79D832A29EA81006209C8 /* PBXTargetDependency */,
			);
			name = MyXCode;
			productName = MyXCode;
			productReference = 2BF79D5F2A29EA0C006209C8 /* MyXCode.app */;
			productType = "com.apple.product-type.application";
		};
		2BF79D742A29EA81006209C8 /* MyXCodeExt */ = {
			isa = PBXNativeTarget;
			buildConfigurationList = 2BF79D852A29EA81006209C8 /* Build configuration list for PBXNativeTarget "MyXCodeExt" */;
			buildPhases = (
				2BF79D712A29EA81006209C8 /* Sources */,
				2BF79D722A29EA81006209C8 /* Frameworks */,
				2BF79D732A29EA81006209C8 /* Resources */,
				2BF79D8B2A29EB17006209C8 /* Embed Frameworks */,
			);
			buildRules = (
			);
			dependencies = (
			);
			name = MyXCodeExt;
			packageProductDependencies = (
				2B7F56532B0CA1DF00DB8D85 /* SwiftFormat */,
			);
			productName = MyXCodeExt;
			productReference = 2BF79D752A29EA81006209C8 /* MyXCodeExt.appex */;
			productType = "com.apple.product-type.xcode-extension";
		};
/* End PBXNativeTarget section */

/* Begin PBXProject section */
		2BF79D572A29EA0C006209C8 /* Project object */ = {
			isa = PBXProject;
			attributes = {
				BuildIndependentTargetsInParallel = 1;
				LastSwiftUpdateCheck = 1420;
				LastUpgradeCheck = 1500;
				TargetAttributes = {
					2BF79D5E2A29EA0C006209C8 = {
						CreatedOnToolsVersion = 14.2;
					};
					2BF79D742A29EA81006209C8 = {
						CreatedOnToolsVersion = 14.2;
					};
				};
			};
			buildConfigurationList = 2BF79D5A2A29EA0C006209C8 /* Build configuration list for PBXProject "MyXCode" */;
			compatibilityVersion = "Xcode 14.0";
			developmentRegion = en;
			hasScannedForEncodings = 0;
			knownRegions = (
				en,
				Base,
			);
			mainGroup = 2BF79D562A29EA0C006209C8;
			packageReferences = (
				2BA9DAEF2B07506200696B5E /* XCRemoteSwiftPackageReference "swift-format" */,
			);
			productRefGroup = 2BF79D602A29EA0C006209C8 /* Products */;
			projectDirPath = "";
			projectRoot = "";
			targets = (
				2BF79D5E2A29EA0C006209C8 /* MyXCode */,
				2BF79D742A29EA81006209C8 /* MyXCodeExt */,
			);
		};
/* End PBXProject section */

/* Begin PBXResourcesBuildPhase section */
		2BF79D5D2A29EA0C006209C8 /* Resources */ = {
			isa = PBXResourcesBuildPhase;
			buildActionMask = 2147483647;
			files = (
				2BF79D672A29EA0D006209C8 /* Assets.xcassets in Resources */,
				2BF79D6A2A29EA0D006209C8 /* Main.storyboard in Resources */,
			);
			runOnlyForDeploymentPostprocessing = 0;
		};
		2BF79D732A29EA81006209C8 /* Resources */ = {
			isa = PBXResourcesBuildPhase;
			buildActionMask = 2147483647;
			files = (
			);
			runOnlyForDeploymentPostprocessing = 0;
		};
/* End PBXResourcesBuildPhase section */

/* Begin PBXSourcesBuildPhase section */
		2BF79D5B2A29EA0C006209C8 /* Sources */ = {
			isa = PBXSourcesBuildPhase;
			buildActionMask = 2147483647;
			files = (
				2BAE639C2B14946A009E7068 /* PluginSidebarViewController.swift in Sources */,
				2BAE63A12B14B4D3009E7068 /* Toast.swift in Sources */,
				2BAE639E2B14948F009E7068 /* PluginConfigViewController.swift in Sources */,
				2BD125F72B0F754800E38870 /* MainApp.swift in Sources */,
				2BF79D632A29EA0C006209C8 /* AppDelegate.swift in Sources */,
				2BAE5F702B148B2E009E7068 /* ConstValue.swift in Sources */,
			);
			runOnlyForDeploymentPostprocessing = 0;
		};
		2BF79D712A29EA81006209C8 /* Sources */ = {
			isa = PBXSourcesBuildPhase;
			buildActionMask = 2147483647;
			files = (
				2BF79D7D2A29EA81006209C8 /* SourceEditorExtension.swift in Sources */,
				2BF79D7F2A29EA81006209C8 /* SourceEditorCommand.swift in Sources */,
				2BB598D32B0CD633006BD157 /* NewLine.swift in Sources */,
				2BAE5F712B148B2E009E7068 /* ConstValue.swift in Sources */,
				2BB598D12B0CD60A006BD157 /* PrettyFunc.swift in Sources */,
			);
			runOnlyForDeploymentPostprocessing = 0;
		};
/* End PBXSourcesBuildPhase section */

/* Begin PBXTargetDependency section */
		2BF79D832A29EA81006209C8 /* PBXTargetDependency */ = {
			isa = PBXTargetDependency;
			target = 2BF79D742A29EA81006209C8 /* MyXCodeExt */;
			targetProxy = 2BF79D822A29EA81006209C8 /* PBXContainerItemProxy */;
		};
/* End PBXTargetDependency section */

/* Begin PBXVariantGroup section */
		2BF79D682A29EA0D006209C8 /* Main.storyboard */ = {
			isa = PBXVariantGroup;
			children = (
				2BF79D692A29EA0D006209C8 /* Base */,
			);
			name = Main.storyboard;
			sourceTree = "<group>";
		};
/* End PBXVariantGroup section */

/* Begin XCBuildConfiguration section */
		2BF79D6C2A29EA0D006209C8 /* Debug */ = {
			isa = XCBuildConfiguration;
			buildSettings = {
				ALWAYS_SEARCH_USER_PATHS = NO;
				CLANG_ANALYZER_NONNULL = YES;
				CLANG_ANALYZER_NUMBER_OBJECT_CONVERSION = YES_AGGRESSIVE;
				CLANG_CXX_LANGUAGE_STANDARD = "gnu++20";
				CLANG_ENABLE_MODULES = YES;
				CLANG_ENABLE_OBJC_ARC = YES;
				CLANG_ENABLE_OBJC_WEAK = YES;
				CLANG_WARN_BLOCK_CAPTURE_AUTORELEASING = YES;
				CLANG_WARN_BOOL_CONVERSION = YES;
				CLANG_WARN_COMMA = YES;
				CLANG_WARN_CONSTANT_CONVERSION = YES;
				CLANG_WARN_DEPRECATED_OBJC_IMPLEMENTATIONS = YES;
				CLANG_WARN_DIRECT_OBJC_ISA_USAGE = YES_ERROR;
				CLANG_WARN_DOCUMENTATION_COMMENTS = YES;
				CLANG_WARN_EMPTY_BODY = YES;
				CLANG_WARN_ENUM_CONVERSION = YES;
				CLANG_WARN_INFINITE_RECURSION = YES;
				CLANG_WARN_INT_CONVERSION = YES;
				CLANG_WARN_NON_LITERAL_NULL_CONVERSION = YES;
				CLANG_WARN_OBJC_IMPLICIT_RETAIN_SELF = YES;
				CLANG_WARN_OBJC_LITERAL_CONVERSION = YES;
				CLANG_WARN_OBJC_ROOT_CLASS = YES_ERROR;
				CLANG_WARN_QUOTED_INCLUDE_IN_FRAMEWORK_HEADER = YES;
				CLANG_WARN_RANGE_LOOP_ANALYSIS = YES;
				CLANG_WARN_STRICT_PROTOTYPES = YES;
				CLANG_WARN_SUSPICIOUS_MOVE = YES;
				CLANG_WARN_UNGUARDED_AVAILABILITY = YES_AGGRESSIVE;
				CLANG_WARN_UNREACHABLE_CODE = YES;
				CLANG_WARN__DUPLICATE_METHOD_MATCH = YES;
				COPY_PHASE_STRIP = NO;
				DEAD_CODE_STRIPPING = YES;
				DEBUG_INFORMATION_FORMAT = dwarf;
				ENABLE_STRICT_OBJC_MSGSEND = YES;
				ENABLE_TESTABILITY = YES;
				ENABLE_USER_SCRIPT_SANDBOXING = YES;
				GCC_C_LANGUAGE_STANDARD = gnu11;
				GCC_DYNAMIC_NO_PIC = NO;
				GCC_NO_COMMON_BLOCKS = YES;
				GCC_OPTIMIZATION_LEVEL = 0;
				GCC_PREPROCESSOR_DEFINITIONS = (
					"DEBUG=1",
					"$(inherited)",
				);
				GCC_WARN_64_TO_32_BIT_CONVERSION = YES;
				GCC_WARN_ABOUT_RETURN_TYPE = YES_ERROR;
				GCC_WARN_UNDECLARED_SELECTOR = YES;
				GCC_WARN_UNINITIALIZED_AUTOS = YES_AGGRESSIVE;
				GCC_WARN_UNUSED_FUNCTION = YES;
				GCC_WARN_UNUSED_VARIABLE = YES;
				MACOSX_DEPLOYMENT_TARGET = 13.1;
				MTL_ENABLE_DEBUG_INFO = INCLUDE_SOURCE;
				MTL_FAST_MATH = YES;
				ONLY_ACTIVE_ARCH = YES;
				SDKROOT = macosx;
				SWIFT_ACTIVE_COMPILATION_CONDITIONS = DEBUG;
				SWIFT_OPTIMIZATION_LEVEL = "-Onone";
			};
			name = Debug;
		};
		2BF79D6D2A29EA0D006209C8 /* Release */ = {
			isa = XCBuildConfiguration;
			buildSettings = {
				ALWAYS_SEARCH_USER_PATHS = NO;
				CLANG_ANALYZER_NONNULL = YES;
				CLANG_ANALYZER_NUMBER_OBJECT_CONVERSION = YES_AGGRESSIVE;
				CLANG_CXX_LANGUAGE_STANDARD = "gnu++20";
				CLANG_ENABLE_MODULES = YES;
				CLANG_ENABLE_OBJC_ARC = YES;
				CLANG_ENABLE_OBJC_WEAK = YES;
				CLANG_WARN_BLOCK_CAPTURE_AUTORELEASING = YES;
				CLANG_WARN_BOOL_CONVERSION = YES;
				CLANG_WARN_COMMA = YES;
				CLANG_WARN_CONSTANT_CONVERSION = YES;
				CLANG_WARN_DEPRECATED_OBJC_IMPLEMENTATIONS = YES;
				CLANG_WARN_DIRECT_OBJC_ISA_USAGE = YES_ERROR;
				CLANG_WARN_DOCUMENTATION_COMMENTS = YES;
				CLANG_WARN_EMPTY_BODY = YES;
				CLANG_WARN_ENUM_CONVERSION = YES;
				CLANG_WARN_INFINITE_RECURSION = YES;
				CLANG_WARN_INT_CONVERSION = YES;
				CLANG_WARN_NON_LITERAL_NULL_CONVERSION = YES;
				CLANG_WARN_OBJC_IMPLICIT_RETAIN_SELF = YES;
				CLANG_WARN_OBJC_LITERAL_CONVERSION = YES;
				CLANG_WARN_OBJC_ROOT_CLASS = YES_ERROR;
				CLANG_WARN_QUOTED_INCLUDE_IN_FRAMEWORK_HEADER = YES;
				CLANG_WARN_RANGE_LOOP_ANALYSIS = YES;
				CLANG_WARN_STRICT_PROTOTYPES = YES;
				CLANG_WARN_SUSPICIOUS_MOVE = YES;
				CLANG_WARN_UNGUARDED_AVAILABILITY = YES_AGGRESSIVE;
				CLANG_WARN_UNREACHABLE_CODE = YES;
				CLANG_WARN__DUPLICATE_METHOD_MATCH = YES;
				COPY_PHASE_STRIP = NO;
				DEAD_CODE_STRIPPING = YES;
				DEBUG_INFORMATION_FORMAT = "dwarf-with-dsym";
				ENABLE_NS_ASSERTIONS = NO;
				ENABLE_STRICT_OBJC_MSGSEND = YES;
				ENABLE_USER_SCRIPT_SANDBOXING = YES;
				GCC_C_LANGUAGE_STANDARD = gnu11;
				GCC_NO_COMMON_BLOCKS = YES;
				GCC_WARN_64_TO_32_BIT_CONVERSION = YES;
				GCC_WARN_ABOUT_RETURN_TYPE = YES_ERROR;
				GCC_WARN_UNDECLARED_SELECTOR = YES;
				GCC_WARN_UNINITIALIZED_AUTOS = YES_AGGRESSIVE;
				GCC_WARN_UNUSED_FUNCTION = YES;
				GCC_WARN_UNUSED_VARIABLE = YES;
				MACOSX_DEPLOYMENT_TARGET = 13.1;
				MTL_ENABLE_DEBUG_INFO = NO;
				MTL_FAST_MATH = YES;
				SDKROOT = macosx;
				SWIFT_COMPILATION_MODE = wholemodule;
				SWIFT_OPTIMIZATION_LEVEL = "-O";
			};
			name = Release;
		};
		2BF79D6F2A29EA0D006209C8 /* Debug */ = {
			isa = XCBuildConfiguration;
			buildSettings = {
				ALWAYS_EMBED_SWIFT_STANDARD_LIBRARIES = YES;
				ASSETCATALOG_COMPILER_APPICON_NAME = AppIcon;
				ASSETCATALOG_COMPILER_GLOBAL_ACCENT_COLOR_NAME = AccentColor;
				CODE_SIGN_ENTITLEMENTS = MyXCode/MyXCode.entitlements;
				"CODE_SIGN_IDENTITY[sdk=macosx*]" = "Apple Development";
				CODE_SIGN_STYLE = Automatic;
				COMBINE_HIDPI_IMAGES = YES;
				CURRENT_PROJECT_VERSION = 1;
				DEAD_CODE_STRIPPING = YES;
				DEVELOPMENT_TEAM = S5KT549QVB;
				ENABLE_HARDENED_RUNTIME = YES;
				GENERATE_INFOPLIST_FILE = YES;
				INFOPLIST_KEY_LSApplicationCategoryType = "public.app-category.developer-tools";
				INFOPLIST_KEY_NSHumanReadableCopyright = "";
				INFOPLIST_KEY_NSMainStoryboardFile = Main;
				INFOPLIST_KEY_NSPrincipalClass = NSApplication;
				LD_RUNPATH_SEARCH_PATHS = (
					"$(inherited)",
					"@executable_path/../Frameworks",
				);
				MARKETING_VERSION = 1.0;
				PRODUCT_BUNDLE_IDENTIFIER = com.coppergaga.MyXCode;
				PRODUCT_NAME = "$(TARGET_NAME)";
				SWIFT_EMIT_LOC_STRINGS = YES;
				SWIFT_VERSION = 5.0;
			};
			name = Debug;
		};
		2BF79D702A29EA0D006209C8 /* Release */ = {
			isa = XCBuildConfiguration;
			buildSettings = {
				ALWAYS_EMBED_SWIFT_STANDARD_LIBRARIES = YES;
				ASSETCATALOG_COMPILER_APPICON_NAME = AppIcon;
				ASSETCATALOG_COMPILER_GLOBAL_ACCENT_COLOR_NAME = AccentColor;
				CODE_SIGN_ENTITLEMENTS = MyXCode/MyXCode.entitlements;
				"CODE_SIGN_IDENTITY[sdk=macosx*]" = "Apple Development";
				CODE_SIGN_STYLE = Automatic;
				COMBINE_HIDPI_IMAGES = YES;
				CURRENT_PROJECT_VERSION = 1;
				DEAD_CODE_STRIPPING = YES;
				DEVELOPMENT_TEAM = S5KT549QVB;
				ENABLE_HARDENED_RUNTIME = YES;
				GENERATE_INFOPLIST_FILE = YES;
				INFOPLIST_KEY_LSApplicationCategoryType = "public.app-category.developer-tools";
				INFOPLIST_KEY_NSHumanReadableCopyright = "";
				INFOPLIST_KEY_NSMainStoryboardFile = Main;
				INFOPLIST_KEY_NSPrincipalClass = NSApplication;
				LD_RUNPATH_SEARCH_PATHS = (
					"$(inherited)",
					"@executable_path/../Frameworks",
				);
				MARKETING_VERSION = 1.0;
				PRODUCT_BUNDLE_IDENTIFIER = com.coppergaga.MyXCode;
				PRODUCT_NAME = "$(TARGET_NAME)";
				SWIFT_EMIT_LOC_STRINGS = YES;
				SWIFT_VERSION = 5.0;
			};
			name = Release;
		};
		2BF79D862A29EA81006209C8 /* Debug */ = {
			isa = XCBuildConfiguration;
			buildSettings = {
				CODE_SIGN_ENTITLEMENTS = MyXCodeExt/MyXCodeExt.entitlements;
				"CODE_SIGN_IDENTITY[sdk=macosx*]" = "Apple Development";
				CODE_SIGN_STYLE = Automatic;
				COMBINE_HIDPI_IMAGES = YES;
				CURRENT_PROJECT_VERSION = 1;
				DEAD_CODE_STRIPPING = YES;
				DEVELOPMENT_TEAM = S5KT549QVB;
				ENABLE_HARDENED_RUNTIME = YES;
				GENERATE_INFOPLIST_FILE = YES;
				INFOPLIST_FILE = MyXCodeExt/Info.plist;
				INFOPLIST_KEY_CFBundleDisplayName = MyXCodeExt;
				INFOPLIST_KEY_NSHumanReadableCopyright = "";
				LD_RUNPATH_SEARCH_PATHS = (
					"$(inherited)",
					"@executable_path/../Frameworks",
					"@executable_path/../../../../Frameworks",
				);
				MARKETING_VERSION = 1.0;
				PRODUCT_BUNDLE_IDENTIFIER = com.coppergaga.MyXCode.MyXCodeExt;
				PRODUCT_NAME = "$(TARGET_NAME)";
				SKIP_INSTALL = YES;
				SWIFT_EMIT_LOC_STRINGS = YES;
				SWIFT_VERSION = 5.0;
			};
			name = Debug;
		};
		2BF79D872A29EA81006209C8 /* Release */ = {
			isa = XCBuildConfiguration;
			buildSettings = {
				CODE_SIGN_ENTITLEMENTS = MyXCodeExt/MyXCodeExt.entitlements;
				"CODE_SIGN_IDENTITY[sdk=macosx*]" = "Apple Development";
				CODE_SIGN_STYLE = Automatic;
				COMBINE_HIDPI_IMAGES = YES;
				CURRENT_PROJECT_VERSION = 1;
				DEAD_CODE_STRIPPING = YES;
				DEVELOPMENT_TEAM = S5KT549QVB;
				ENABLE_HARDENED_RUNTIME = YES;
				GENERATE_INFOPLIST_FILE = YES;
				INFOPLIST_FILE = MyXCodeExt/Info.plist;
				INFOPLIST_KEY_CFBundleDisplayName = MyXCodeExt;
				INFOPLIST_KEY_NSHumanReadableCopyright = "";
				LD_RUNPATH_SEARCH_PATHS = (
					"$(inherited)",
					"@executable_path/../Frameworks",
					"@executable_path/../../../../Frameworks",
				);
				MARKETING_VERSION = 1.0;
				PRODUCT_BUNDLE_IDENTIFIER = com.coppergaga.MyXCode.MyXCodeExt;
				PRODUCT_NAME = "$(TARGET_NAME)";
				SKIP_INSTALL = YES;
				SWIFT_EMIT_LOC_STRINGS = YES;
				SWIFT_VERSION = 5.0;
			};
			name = Release;
		};
/* End XCBuildConfiguration section */

/* Begin XCConfigurationList section */
		2BF79D5A2A29EA0C006209C8 /* Build configuration list for PBXProject "MyXCode" */ = {
			isa = XCConfigurationList;
			buildConfigurations = (
				2BF79D6C2A29EA0D006209C8 /* Debug */,
				2BF79D6D2A29EA0D006209C8 /* Release */,
			);
			defaultConfigurationIsVisible = 0;
			defaultConfigurationName = Release;
		};
		2BF79D6E2A29EA0D006209C8 /* Build configuration list for PBXNativeTarget "MyXCode" */ = {
			isa = XCConfigurationList;
			buildConfigurations = (
				2BF79D6F2A29EA0D006209C8 /* Debug */,
				2BF79D702A29EA0D006209C8 /* Release */,
			);
			defaultConfigurationIsVisible = 0;
			defaultConfigurationName = Release;
		};
		2BF79D852A29EA81006209C8 /* Build configuration list for PBXNativeTarget "MyXCodeExt" */ = {
			isa = XCConfigurationList;
			buildConfigurations = (
				2BF79D862A29EA81006209C8 /* Debug */,
				2BF79D872A29EA81006209C8 /* Release */,
			);
			defaultConfigurationIsVisible = 0;
			defaultConfigurationName = Release;
		};
/* End XCConfigurationList section */

/* Begin XCRemoteSwiftPackageReference section */
		2BA9DAEF2B07506200696B5E /* XCRemoteSwiftPackageReference "swift-format" */ = {
			isa = XCRemoteSwiftPackageReference;
			repositoryURL = "https://github.com/apple/swift-format";
			requirement = {
				kind = upToNextMajorVersion;
				minimumVersion = 509.0.0;
			};
		};
/* End XCRemoteSwiftPackageReference section */

/* Begin XCSwiftPackageProductDependency section */
		2B7F56532B0CA1DF00DB8D85 /* SwiftFormat */ = {
			isa = XCSwiftPackageProductDependency;
			package = 2BA9DAEF2B07506200696B5E /* XCRemoteSwiftPackageReference "swift-format" */;
			productName = SwiftFormat;
		};
/* End XCSwiftPackageProductDependency section */
	};
	rootObject = 2BF79D572A29EA0C006209C8 /* Project object */;
}
